// !$*UTF8*$!
{
	archiveVersion = 1;
	classes = {
	};
	objectVersion = 77;
	objects = {

/* Begin PBXBuildFile section */
		58DABE5D2D3A9D7700998A81 /* Netflix Skipper Extension.appex in Embed Foundation Extensions */ = {isa = PBXBuildFile; fileRef = 58DABE5C2D3A9D7700998A81 /* Netflix Skipper Extension.appex */; settings = {ATTRIBUTES = (RemoveHeadersOnCopy, ); }; };
/* End PBXBuildFile section */

/* Begin PBXContainerItemProxy section */
		58DABE472D3A9D7700998A81 /* PBXContainerItemProxy */ = {
			isa = PBXContainerItemProxy;
			containerPortal = 58DABE222D3A9D7500998A81 /* Project object */;
			proxyType = 1;
			remoteGlobalIDString = 58DABE292D3A9D7500998A81;
			remoteInfo = "Netflix Skipper";
		};
		58DABE512D3A9D7700998A81 /* PBXContainerItemProxy */ = {
			isa = PBXContainerItemProxy;
			containerPortal = 58DABE222D3A9D7500998A81 /* Project object */;
			proxyType = 1;
			remoteGlobalIDString = 58DABE292D3A9D7500998A81;
			remoteInfo = "Netflix Skipper";
		};
		58DABE5E2D3A9D7700998A81 /* PBXContainerItemProxy */ = {
			isa = PBXContainerItemProxy;
			containerPortal = 58DABE222D3A9D7500998A81 /* Project object */;
			proxyType = 1;
			remoteGlobalIDString = 58DABE5B2D3A9D7700998A81;
			remoteInfo = "Netflix Skipper Extension";
		};
/* End PBXContainerItemProxy section */

/* Begin PBXCopyFilesBuildPhase section */
		58DABE7C2D3A9D7700998A81 /* Embed Foundation Extensions */ = {
			isa = PBXCopyFilesBuildPhase;
			buildActionMask = 2147483647;
			dstPath = "";
			dstSubfolderSpec = 13;
			files = (
				58DABE5D2D3A9D7700998A81 /* Netflix Skipper Extension.appex in Embed Foundation Extensions */,
			);
			name = "Embed Foundation Extensions";
			runOnlyForDeploymentPostprocessing = 0;
		};
/* End PBXCopyFilesBuildPhase section */

/* Begin PBXFileReference section */
		58DABE2A2D3A9D7500998A81 /* Netflix Skipper.app */ = {isa = PBXFileReference; explicitFileType = wrapper.application; includeInIndex = 0; path = "Netflix Skipper.app"; sourceTree = BUILT_PRODUCTS_DIR; };
		58DABE462D3A9D7700998A81 /* Netflix SkipperTests.xctest */ = {isa = PBXFileReference; explicitFileType = wrapper.cfbundle; includeInIndex = 0; path = "Netflix SkipperTests.xctest"; sourceTree = BUILT_PRODUCTS_DIR; };
		58DABE502D3A9D7700998A81 /* Netflix SkipperUITests.xctest */ = {isa = PBXFileReference; explicitFileType = wrapper.cfbundle; includeInIndex = 0; path = "Netflix SkipperUITests.xctest"; sourceTree = BUILT_PRODUCTS_DIR; };
		58DABE5C2D3A9D7700998A81 /* Netflix Skipper Extension.appex */ = {isa = PBXFileReference; explicitFileType = "wrapper.app-extension"; includeInIndex = 0; path = "Netflix Skipper Extension.appex"; sourceTree = BUILT_PRODUCTS_DIR; };
/* End PBXFileReference section */

/* Begin PBXFileSystemSynchronizedBuildFileExceptionSet section */
		58DABE762D3A9D7700998A81 /* Exceptions for "Netflix Skipper Extension" folder in "Netflix Skipper Extension" target */ = {
			isa = PBXFileSystemSynchronizedBuildFileExceptionSet;
			membershipExceptions = (
				Info.plist,
			);
			target = 58DABE5B2D3A9D7700998A81 /* Netflix Skipper Extension */;
		};
/* End PBXFileSystemSynchronizedBuildFileExceptionSet section */

/* Begin PBXFileSystemSynchronizedRootGroup section */
		58DABE2C2D3A9D7500998A81 /* Netflix Skipper */ = {
			isa = PBXFileSystemSynchronizedRootGroup;
			path = "Netflix Skipper";
			sourceTree = "<group>";
		};
		58DABE492D3A9D7700998A81 /* Netflix SkipperTests */ = {
			isa = PBXFileSystemSynchronizedRootGroup;
			path = "Netflix SkipperTests";
			sourceTree = "<group>";
		};
		58DABE532D3A9D7700998A81 /* Netflix SkipperUITests */ = {
			isa = PBXFileSystemSynchronizedRootGroup;
			path = "Netflix SkipperUITests";
			sourceTree = "<group>";
		};
		58DABE602D3A9D7700998A81 /* Netflix Skipper Extension */ = {
			isa = PBXFileSystemSynchronizedRootGroup;
			exceptions = (
				58DABE762D3A9D7700998A81 /* Exceptions for "Netflix Skipper Extension" folder in "Netflix Skipper Extension" target */,
			);
			explicitFolders = (
				Resources/_locales,
				Resources/images,
			);
			path = "Netflix Skipper Extension";
			sourceTree = "<group>";
		};
/* End PBXFileSystemSynchronizedRootGroup section */

/* Begin PBXFrameworksBuildPhase section */
		58DABE272D3A9D7500998A81 /* Frameworks */ = {
			isa = PBXFrameworksBuildPhase;
			buildActionMask = 2147483647;
			files = (
			);
			runOnlyForDeploymentPostprocessing = 0;
		};
		58DABE432D3A9D7700998A81 /* Frameworks */ = {
			isa = PBXFrameworksBuildPhase;
			buildActionMask = 2147483647;
			files = (
			);
			runOnlyForDeploymentPostprocessing = 0;
		};
		58DABE4D2D3A9D7700998A81 /* Frameworks */ = {
			isa = PBXFrameworksBuildPhase;
			buildActionMask = 2147483647;
			files = (
			);
			runOnlyForDeploymentPostprocessing = 0;
		};
		58DABE592D3A9D7700998A81 /* Frameworks */ = {
			isa = PBXFrameworksBuildPhase;
			buildActionMask = 2147483647;
			files = (
			);
			runOnlyForDeploymentPostprocessing = 0;
		};
/* End PBXFrameworksBuildPhase section */

/* Begin PBXGroup section */
		58DABE212D3A9D7500998A81 = {
			isa = PBXGroup;
			children = (
				58DABE2C2D3A9D7500998A81 /* Netflix Skipper */,
				58DABE492D3A9D7700998A81 /* Netflix SkipperTests */,
				58DABE532D3A9D7700998A81 /* Netflix SkipperUITests */,
				58DABE602D3A9D7700998A81 /* Netflix Skipper Extension */,
				58DABE2B2D3A9D7500998A81 /* Products */,
			);
			sourceTree = "<group>";
		};
		58DABE2B2D3A9D7500998A81 /* Products */ = {
			isa = PBXGroup;
			children = (
				58DABE2A2D3A9D7500998A81 /* Netflix Skipper.app */,
				58DABE462D3A9D7700998A81 /* Netflix SkipperTests.xctest */,
				58DABE502D3A9D7700998A81 /* Netflix SkipperUITests.xctest */,
				58DABE5C2D3A9D7700998A81 /* Netflix Skipper Extension.appex */,
			);
			name = Products;
			sourceTree = "<group>";
		};
/* End PBXGroup section */

/* Begin PBXNativeTarget section */
		58DABE292D3A9D7500998A81 /* Netflix Skipper */ = {
			isa = PBXNativeTarget;
			buildConfigurationList = 58DABE7D2D3A9D7700998A81 /* Build configuration list for PBXNativeTarget "Netflix Skipper" */;
			buildPhases = (
				58DABE262D3A9D7500998A81 /* Sources */,
				58DABE272D3A9D7500998A81 /* Frameworks */,
				58DABE282D3A9D7500998A81 /* Resources */,
				58DABE7C2D3A9D7700998A81 /* Embed Foundation Extensions */,
			);
			buildRules = (
			);
			dependencies = (
				58DABE5F2D3A9D7700998A81 /* PBXTargetDependency */,
			);
			fileSystemSynchronizedGroups = (
				58DABE2C2D3A9D7500998A81 /* Netflix Skipper */,
			);
			name = "Netflix Skipper";
			packageProductDependencies = (
			);
			productName = "Netflix Skipper";
			productReference = 58DABE2A2D3A9D7500998A81 /* Netflix Skipper.app */;
			productType = "com.apple.product-type.application";
		};
		58DABE452D3A9D7700998A81 /* Netflix SkipperTests */ = {
			isa = PBXNativeTarget;
			buildConfigurationList = 58DABE802D3A9D7700998A81 /* Build configuration list for PBXNativeTarget "Netflix SkipperTests" */;
			buildPhases = (
				58DABE422D3A9D7700998A81 /* Sources */,
				58DABE432D3A9D7700998A81 /* Frameworks */,
				58DABE442D3A9D7700998A81 /* Resources */,
			);
			buildRules = (
			);
			dependencies = (
				58DABE482D3A9D7700998A81 /* PBXTargetDependency */,
			);
			fileSystemSynchronizedGroups = (
				58DABE492D3A9D7700998A81 /* Netflix SkipperTests */,
			);
			name = "Netflix SkipperTests";
			packageProductDependencies = (
			);
			productName = "Netflix SkipperTests";
			productReference = 58DABE462D3A9D7700998A81 /* Netflix SkipperTests.xctest */;
			productType = "com.apple.product-type.bundle.unit-test";
		};
		58DABE4F2D3A9D7700998A81 /* Netflix SkipperUITests */ = {
			isa = PBXNativeTarget;
			buildConfigurationList = 58DABE832D3A9D7700998A81 /* Build configuration list for PBXNativeTarget "Netflix SkipperUITests" */;
			buildPhases = (
				58DABE4C2D3A9D7700998A81 /* Sources */,
				58DABE4D2D3A9D7700998A81 /* Frameworks */,
				58DABE4E2D3A9D7700998A81 /* Resources */,
			);
			buildRules = (
			);
			dependencies = (
				58DABE522D3A9D7700998A81 /* PBXTargetDependency */,
			);
			fileSystemSynchronizedGroups = (
				58DABE532D3A9D7700998A81 /* Netflix SkipperUITests */,
			);
			name = "Netflix SkipperUITests";
			packageProductDependencies = (
			);
			productName = "Netflix SkipperUITests";
			productReference = 58DABE502D3A9D7700998A81 /* Netflix SkipperUITests.xctest */;
			productType = "com.apple.product-type.bundle.ui-testing";
		};
		58DABE5B2D3A9D7700998A81 /* Netflix Skipper Extension */ = {
			isa = PBXNativeTarget;
			buildConfigurationList = 58DABE772D3A9D7700998A81 /* Build configuration list for PBXNativeTarget "Netflix Skipper Extension" */;
			buildPhases = (
				58DABE582D3A9D7700998A81 /* Sources */,
				58DABE592D3A9D7700998A81 /* Frameworks */,
				58DABE5A2D3A9D7700998A81 /* Resources */,
			);
			buildRules = (
			);
			dependencies = (
			);
			fileSystemSynchronizedGroups = (
				58DABE602D3A9D7700998A81 /* Netflix Skipper Extension */,
			);
			name = "Netflix Skipper Extension";
			packageProductDependencies = (
			);
			productName = "Netflix Skipper Extension";
			productReference = 58DABE5C2D3A9D7700998A81 /* Netflix Skipper Extension.appex */;
			productType = "com.apple.product-type.app-extension";
		};
/* End PBXNativeTarget section */

/* Begin PBXProject section */
		58DABE222D3A9D7500998A81 /* Project object */ = {
			isa = PBXProject;
			attributes = {
				BuildIndependentTargetsInParallel = 1;
				LastSwiftUpdateCheck = 1620;
				LastUpgradeCheck = 1620;
				TargetAttributes = {
					58DABE292D3A9D7500998A81 = {
						CreatedOnToolsVersion = 16.2;
					};
					58DABE452D3A9D7700998A81 = {
						CreatedOnToolsVersion = 16.2;
						TestTargetID = 58DABE292D3A9D7500998A81;
					};
					58DABE4F2D3A9D7700998A81 = {
						CreatedOnToolsVersion = 16.2;
						TestTargetID = 58DABE292D3A9D7500998A81;
					};
					58DABE5B2D3A9D7700998A81 = {
						CreatedOnToolsVersion = 16.2;
					};
				};
			};
			buildConfigurationList = 58DABE252D3A9D7500998A81 /* Build configuration list for PBXProject "Netflix Skipper" */;
			developmentRegion = en;
			hasScannedForEncodings = 0;
			knownRegions = (
				en,
				Base,
			);
			mainGroup = 58DABE212D3A9D7500998A81;
			minimizedProjectReferenceProxies = 1;
			preferredProjectObjectVersion = 77;
			productRefGroup = 58DABE2B2D3A9D7500998A81 /* Products */;
			projectDirPath = "";
			projectRoot = "";
			targets = (
				58DABE292D3A9D7500998A81 /* Netflix Skipper */,
				58DABE452D3A9D7700998A81 /* Netflix SkipperTests */,
				58DABE4F2D3A9D7700998A81 /* Netflix SkipperUITests */,
				58DABE5B2D3A9D7700998A81 /* Netflix Skipper Extension */,
			);
		};
/* End PBXProject section */

/* Begin PBXResourcesBuildPhase section */
		58DABE282D3A9D7500998A81 /* Resources */ = {
			isa = PBXResourcesBuildPhase;
			buildActionMask = 2147483647;
			files = (
			);
			runOnlyForDeploymentPostprocessing = 0;
		};
		58DABE442D3A9D7700998A81 /* Resources */ = {
			isa = PBXResourcesBuildPhase;
			buildActionMask = 2147483647;
			files = (
			);
			runOnlyForDeploymentPostprocessing = 0;
		};
		58DABE4E2D3A9D7700998A81 /* Resources */ = {
			isa = PBXResourcesBuildPhase;
			buildActionMask = 2147483647;
			files = (
			);
			runOnlyForDeploymentPostprocessing = 0;
		};
		58DABE5A2D3A9D7700998A81 /* Resources */ = {
			isa = PBXResourcesBuildPhase;
			buildActionMask = 2147483647;
			files = (
			);
			runOnlyForDeploymentPostprocessing = 0;
		};
/* End PBXResourcesBuildPhase section */

/* Begin PBXSourcesBuildPhase section */
		58DABE262D3A9D7500998A81 /* Sources */ = {
			isa = PBXSourcesBuildPhase;
			buildActionMask = 2147483647;
			files = (
			);
			runOnlyForDeploymentPostprocessing = 0;
		};
		58DABE422D3A9D7700998A81 /* Sources */ = {
			isa = PBXSourcesBuildPhase;
			buildActionMask = 2147483647;
			files = (
			);
			runOnlyForDeploymentPostprocessing = 0;
		};
		58DABE4C2D3A9D7700998A81 /* Sources */ = {
			isa = PBXSourcesBuildPhase;
			buildActionMask = 2147483647;
			files = (
			);
			runOnlyForDeploymentPostprocessing = 0;
		};
		58DABE582D3A9D7700998A81 /* Sources */ = {
			isa = PBXSourcesBuildPhase;
			buildActionMask = 2147483647;
			files = (
			);
			runOnlyForDeploymentPostprocessing = 0;
		};
/* End PBXSourcesBuildPhase section */

/* Begin PBXTargetDependency section */
		58DABE482D3A9D7700998A81 /* PBXTargetDependency */ = {
			isa = PBXTargetDependency;
			target = 58DABE292D3A9D7500998A81 /* Netflix Skipper */;
			targetProxy = 58DABE472D3A9D7700998A81 /* PBXContainerItemProxy */;
		};
		58DABE522D3A9D7700998A81 /* PBXTargetDependency */ = {
			isa = PBXTargetDependency;
			target = 58DABE292D3A9D7500998A81 /* Netflix Skipper */;
			targetProxy = 58DABE512D3A9D7700998A81 /* PBXContainerItemProxy */;
		};
		58DABE5F2D3A9D7700998A81 /* PBXTargetDependency */ = {
			isa = PBXTargetDependency;
			target = 58DABE5B2D3A9D7700998A81 /* Netflix Skipper Extension */;
			targetProxy = 58DABE5E2D3A9D7700998A81 /* PBXContainerItemProxy */;
		};
/* End PBXTargetDependency section */

/* Begin XCBuildConfiguration section */
		58DABE782D3A9D7700998A81 /* Debug */ = {
			isa = XCBuildConfiguration;
			buildSettings = {
				CODE_SIGN_ENTITLEMENTS = "Netflix Skipper Extension/Netflix_Skipper_Extension.entitlements";
				CODE_SIGN_STYLE = Automatic;
				CURRENT_PROJECT_VERSION = 1;
				DEVELOPMENT_TEAM = B8WX7XBJN2;
				ENABLE_HARDENED_RUNTIME = YES;
				GENERATE_INFOPLIST_FILE = YES;
				INFOPLIST_FILE = "Netflix Skipper Extension/Info.plist";
				INFOPLIST_KEY_CFBundleDisplayName = "Netflix Skipper Extension";
				INFOPLIST_KEY_NSHumanReadableCopyright = "";
				LD_RUNPATH_SEARCH_PATHS = (
					"$(inherited)",
					"@executable_path/../Frameworks",
					"@executable_path/../../../../Frameworks",
				);
				MACOSX_DEPLOYMENT_TARGET = 10.14;
				MARKETING_VERSION = 1.0;
				OTHER_LDFLAGS = (
					"-framework",
					SafariServices,
				);
				PRODUCT_BUNDLE_IDENTIFIER = "achi-shengelia.Netflix-Skipper.Extension";
				PRODUCT_NAME = "$(TARGET_NAME)";
				SKIP_INSTALL = YES;
				SWIFT_EMIT_LOC_STRINGS = YES;
				SWIFT_VERSION = 5.0;
			};
			name = Debug;
		};
		58DABE792D3A9D7700998A81 /* Release */ = {
			isa = XCBuildConfiguration;
			buildSettings = {
				CODE_SIGN_ENTITLEMENTS = "Netflix Skipper Extension/Netflix_Skipper_Extension.entitlements";
				CODE_SIGN_STYLE = Automatic;
				CURRENT_PROJECT_VERSION = 1;
				DEVELOPMENT_TEAM = B8WX7XBJN2;
				ENABLE_HARDENED_RUNTIME = YES;
				GENERATE_INFOPLIST_FILE = YES;
				INFOPLIST_FILE = "Netflix Skipper Extension/Info.plist";
				INFOPLIST_KEY_CFBundleDisplayName = "Netflix Skipper Extension";
				INFOPLIST_KEY_NSHumanReadableCopyright = "";
				LD_RUNPATH_SEARCH_PATHS = (
					"$(inherited)",
					"@executable_path/../Frameworks",
					"@executable_path/../../../../Frameworks",
				);
				MACOSX_DEPLOYMENT_TARGET = 10.14;
				MARKETING_VERSION = 1.0;
				OTHER_LDFLAGS = (
					"-framework",
					SafariServices,
				);
				PRODUCT_BUNDLE_IDENTIFIER = "achi-shengelia.Netflix-Skipper.Extension";
				PRODUCT_NAME = "$(TARGET_NAME)";
				SKIP_INSTALL = YES;
				SWIFT_EMIT_LOC_STRINGS = YES;
				SWIFT_VERSION = 5.0;
			};
			name = Release;
		};
		58DABE7A2D3A9D7700998A81 /* Debug */ = {
			isa = XCBuildConfiguration;
			buildSettings = {
				ALWAYS_SEARCH_USER_PATHS = NO;
				ASSETCATALOG_COMPILER_GENERATE_SWIFT_ASSET_SYMBOL_EXTENSIONS = YES;
				CLANG_ANALYZER_NONNULL = YES;
				CLANG_ANALYZER_NUMBER_OBJECT_CONVERSION = YES_AGGRESSIVE;
				CLANG_CXX_LANGUAGE_STANDARD = "gnu++20";
				CLANG_ENABLE_MODULES = YES;
				CLANG_ENABLE_OBJC_ARC = YES;
				CLANG_ENABLE_OBJC_WEAK = YES;
				CLANG_WARN_BLOCK_CAPTURE_AUTORELEASING = YES;
				CLANG_WARN_BOOL_CONVERSION = YES;
				CLANG_WARN_COMMA = YES;
				CLANG_WARN_CONSTANT_CONVERSION = YES;
				CLANG_WARN_DEPRECATED_OBJC_IMPLEMENTATIONS = YES;
				CLANG_WARN_DIRECT_OBJC_ISA_USAGE = YES_ERROR;
				CLANG_WARN_DOCUMENTATION_COMMENTS = YES;
				CLANG_WARN_EMPTY_BODY = YES;
				CLANG_WARN_ENUM_CONVERSION = YES;
				CLANG_WARN_INFINITE_RECURSION = YES;
				CLANG_WARN_INT_CONVERSION = YES;
				CLANG_WARN_NON_LITERAL_NULL_CONVERSION = YES;
				CLANG_WARN_OBJC_IMPLICIT_RETAIN_SELF = YES;
				CLANG_WARN_OBJC_LITERAL_CONVERSION = YES;
				CLANG_WARN_OBJC_ROOT_CLASS = YES_ERROR;
				CLANG_WARN_QUOTED_INCLUDE_IN_FRAMEWORK_HEADER = YES;
				CLANG_WARN_RANGE_LOOP_ANALYSIS = YES;
				CLANG_WARN_STRICT_PROTOTYPES = YES;
				CLANG_WARN_SUSPICIOUS_MOVE = YES;
				CLANG_WARN_UNGUARDED_AVAILABILITY = YES_AGGRESSIVE;
				CLANG_WARN_UNREACHABLE_CODE = YES;
				CLANG_WARN__DUPLICATE_METHOD_MATCH = YES;
				COPY_PHASE_STRIP = NO;
				DEBUG_INFORMATION_FORMAT = dwarf;
				ENABLE_STRICT_OBJC_MSGSEND = YES;
				ENABLE_TESTABILITY = YES;
				ENABLE_USER_SCRIPT_SANDBOXING = YES;
				GCC_C_LANGUAGE_STANDARD = gnu17;
				GCC_DYNAMIC_NO_PIC = NO;
				GCC_NO_COMMON_BLOCKS = YES;
				GCC_OPTIMIZATION_LEVEL = 0;
				GCC_PREPROCESSOR_DEFINITIONS = (
					"DEBUG=1",
					"$(inherited)",
				);
				GCC_WARN_64_TO_32_BIT_CONVERSION = YES;
				GCC_WARN_ABOUT_RETURN_TYPE = YES_ERROR;
				GCC_WARN_UNDECLARED_SELECTOR = YES;
				GCC_WARN_UNINITIALIZED_AUTOS = YES_AGGRESSIVE;
				GCC_WARN_UNUSED_FUNCTION = YES;
				GCC_WARN_UNUSED_VARIABLE = YES;
				LOCALIZATION_PREFERS_STRING_CATALOGS = YES;
				MACOSX_DEPLOYMENT_TARGET = 14.7;
				MTL_ENABLE_DEBUG_INFO = INCLUDE_SOURCE;
				MTL_FAST_MATH = YES;
				ONLY_ACTIVE_ARCH = YES;
				SDKROOT = macosx;
				SWIFT_ACTIVE_COMPILATION_CONDITIONS = "DEBUG $(inherited)";
				SWIFT_OPTIMIZATION_LEVEL = "-Onone";
			};
			name = Debug;
		};
		58DABE7B2D3A9D7700998A81 /* Release */ = {
			isa = XCBuildConfiguration;
			buildSettings = {
				ALWAYS_SEARCH_USER_PATHS = NO;
				ASSETCATALOG_COMPILER_GENERATE_SWIFT_ASSET_SYMBOL_EXTENSIONS = YES;
				CLANG_ANALYZER_NONNULL = YES;
				CLANG_ANALYZER_NUMBER_OBJECT_CONVERSION = YES_AGGRESSIVE;
				CLANG_CXX_LANGUAGE_STANDARD = "gnu++20";
				CLANG_ENABLE_MODULES = YES;
				CLANG_ENABLE_OBJC_ARC = YES;
				CLANG_ENABLE_OBJC_WEAK = YES;
				CLANG_WARN_BLOCK_CAPTURE_AUTORELEASING = YES;
				CLANG_WARN_BOOL_CONVERSION = YES;
				CLANG_WARN_COMMA = YES;
				CLANG_WARN_CONSTANT_CONVERSION = YES;
				CLANG_WARN_DEPRECATED_OBJC_IMPLEMENTATIONS = YES;
				CLANG_WARN_DIRECT_OBJC_ISA_USAGE = YES_ERROR;
				CLANG_WARN_DOCUMENTATION_COMMENTS = YES;
				CLANG_WARN_EMPTY_BODY = YES;
				CLANG_WARN_ENUM_CONVERSION = YES;
				CLANG_WARN_INFINITE_RECURSION = YES;
				CLANG_WARN_INT_CONVERSION = YES;
				CLANG_WARN_NON_LITERAL_NULL_CONVERSION = YES;
				CLANG_WARN_OBJC_IMPLICIT_RETAIN_SELF = YES;
				CLANG_WARN_OBJC_LITERAL_CONVERSION = YES;
				CLANG_WARN_OBJC_ROOT_CLASS = YES_ERROR;
				CLANG_WARN_QUOTED_INCLUDE_IN_FRAMEWORK_HEADER = YES;
				CLANG_WARN_RANGE_LOOP_ANALYSIS = YES;
				CLANG_WARN_STRICT_PROTOTYPES = YES;
				CLANG_WARN_SUSPICIOUS_MOVE = YES;
				CLANG_WARN_UNGUARDED_AVAILABILITY = YES_AGGRESSIVE;
				CLANG_WARN_UNREACHABLE_CODE = YES;
				CLANG_WARN__DUPLICATE_METHOD_MATCH = YES;
				COPY_PHASE_STRIP = NO;
				DEBUG_INFORMATION_FORMAT = "dwarf-with-dsym";
				ENABLE_NS_ASSERTIONS = NO;
				ENABLE_STRICT_OBJC_MSGSEND = YES;
				ENABLE_USER_SCRIPT_SANDBOXING = YES;
				GCC_C_LANGUAGE_STANDARD = gnu17;
				GCC_NO_COMMON_BLOCKS = YES;
				GCC_WARN_64_TO_32_BIT_CONVERSION = YES;
				GCC_WARN_ABOUT_RETURN_TYPE = YES_ERROR;
				GCC_WARN_UNDECLARED_SELECTOR = YES;
				GCC_WARN_UNINITIALIZED_AUTOS = YES_AGGRESSIVE;
				GCC_WARN_UNUSED_FUNCTION = YES;
				GCC_WARN_UNUSED_VARIABLE = YES;
				LOCALIZATION_PREFERS_STRING_CATALOGS = YES;
				MACOSX_DEPLOYMENT_TARGET = 14.7;
				MTL_ENABLE_DEBUG_INFO = NO;
				MTL_FAST_MATH = YES;
				SDKROOT = macosx;
				SWIFT_COMPILATION_MODE = wholemodule;
			};
			name = Release;
		};
		58DABE7E2D3A9D7700998A81 /* Debug */ = {
			isa = XCBuildConfiguration;
			buildSettings = {
				ASSETCATALOG_COMPILER_APPICON_NAME = AppIcon;
				ASSETCATALOG_COMPILER_GLOBAL_ACCENT_COLOR_NAME = AccentColor;
				CODE_SIGN_ENTITLEMENTS = "Netflix Skipper/Netflix Skipper.entitlements";
				CODE_SIGN_STYLE = Automatic;
				COMBINE_HIDPI_IMAGES = YES;
				CURRENT_PROJECT_VERSION = 1;
				DEVELOPMENT_TEAM = B8WX7XBJN2;
				ENABLE_HARDENED_RUNTIME = YES;
				GENERATE_INFOPLIST_FILE = YES;
				INFOPLIST_KEY_CFBundleDisplayName = "Netflix Skipper";
				INFOPLIST_KEY_NSHumanReadableCopyright = "";
				INFOPLIST_KEY_NSMainStoryboardFile = Main;
				INFOPLIST_KEY_NSPrincipalClass = NSApplication;
				LD_RUNPATH_SEARCH_PATHS = (
					"$(inherited)",
					"@executable_path/../Frameworks",
				);
				MACOSX_DEPLOYMENT_TARGET = 10.14;
				MARKETING_VERSION = 1.0;
				OTHER_LDFLAGS = (
					"-framework",
					SafariServices,
					"-framework",
					WebKit,
				);
				PRODUCT_BUNDLE_IDENTIFIER = "achi-shengelia.Netflix-Skipper";
				PRODUCT_NAME = "$(TARGET_NAME)";
				SWIFT_EMIT_LOC_STRINGS = YES;
				SWIFT_VERSION = 5.0;
			};
			name = Debug;
		};
		58DABE7F2D3A9D7700998A81 /* Release */ = {
			isa = XCBuildConfiguration;
			buildSettings = {
				ASSETCATALOG_COMPILER_APPICON_NAME = AppIcon;
				ASSETCATALOG_COMPILER_GLOBAL_ACCENT_COLOR_NAME = AccentColor;
				CODE_SIGN_ENTITLEMENTS = "Netflix Skipper/Netflix Skipper.entitlements";
				CODE_SIGN_STYLE = Automatic;
				COMBINE_HIDPI_IMAGES = YES;
				CURRENT_PROJECT_VERSION = 1;
				DEVELOPMENT_TEAM = B8WX7XBJN2;
				ENABLE_HARDENED_RUNTIME = YES;
				GENERATE_INFOPLIST_FILE = YES;
				INFOPLIST_KEY_CFBundleDisplayName = "Netflix Skipper";
				INFOPLIST_KEY_NSHumanReadableCopyright = "";
				INFOPLIST_KEY_NSMainStoryboardFile = Main;
				INFOPLIST_KEY_NSPrincipalClass = NSApplication;
				LD_RUNPATH_SEARCH_PATHS = (
					"$(inherited)",
					"@executable_path/../Frameworks",
				);
				MACOSX_DEPLOYMENT_TARGET = 10.14;
				MARKETING_VERSION = 1.0;
				OTHER_LDFLAGS = (
					"-framework",
					SafariServices,
					"-framework",
					WebKit,
				);
				PRODUCT_BUNDLE_IDENTIFIER = "achi-shengelia.Netflix-Skipper";
				PRODUCT_NAME = "$(TARGET_NAME)";
				SWIFT_EMIT_LOC_STRINGS = YES;
				SWIFT_VERSION = 5.0;
			};
			name = Release;
		};
		58DABE812D3A9D7700998A81 /* Debug */ = {
			isa = XCBuildConfiguration;
			buildSettings = {
				BUNDLE_LOADER = "$(TEST_HOST)";
				CODE_SIGN_STYLE = Automatic;
				CURRENT_PROJECT_VERSION = 1;
				DEVELOPMENT_TEAM = B8WX7XBJN2;
				GENERATE_INFOPLIST_FILE = YES;
				MACOSX_DEPLOYMENT_TARGET = 10.14;
				MARKETING_VERSION = 1.0;
				PRODUCT_BUNDLE_IDENTIFIER = "achi-shengelia.Netflix-SkipperTests";
				PRODUCT_NAME = "$(TARGET_NAME)";
				SWIFT_EMIT_LOC_STRINGS = NO;
				SWIFT_VERSION = 5.0;
				TEST_HOST = "$(BUILT_PRODUCTS_DIR)/Netflix Skipper.app/$(BUNDLE_EXECUTABLE_FOLDER_PATH)/Netflix Skipper";
			};
			name = Debug;
		};
		58DABE822D3A9D7700998A81 /* Release */ = {
			isa = XCBuildConfiguration;
			buildSettings = {
				BUNDLE_LOADER = "$(TEST_HOST)";
				CODE_SIGN_STYLE = Automatic;
				CURRENT_PROJECT_VERSION = 1;
				DEVELOPMENT_TEAM = B8WX7XBJN2;
				GENERATE_INFOPLIST_FILE = YES;
				MACOSX_DEPLOYMENT_TARGET = 10.14;
				MARKETING_VERSION = 1.0;
				PRODUCT_BUNDLE_IDENTIFIER = "achi-shengelia.Netflix-SkipperTests";
				PRODUCT_NAME = "$(TARGET_NAME)";
				SWIFT_EMIT_LOC_STRINGS = NO;
				SWIFT_VERSION = 5.0;
				TEST_HOST = "$(BUILT_PRODUCTS_DIR)/Netflix Skipper.app/$(BUNDLE_EXECUTABLE_FOLDER_PATH)/Netflix Skipper";
			};
			name = Release;
		};
		58DABE842D3A9D7700998A81 /* Debug */ = {
			isa = XCBuildConfiguration;
			buildSettings = {
				CODE_SIGN_STYLE = Automatic;
				CURRENT_PROJECT_VERSION = 1;
				DEVELOPMENT_TEAM = B8WX7XBJN2;
				GENERATE_INFOPLIST_FILE = YES;
				MARKETING_VERSION = 1.0;
				PRODUCT_BUNDLE_IDENTIFIER = "achi-shengelia.Netflix-SkipperUITests";
				PRODUCT_NAME = "$(TARGET_NAME)";
				SWIFT_EMIT_LOC_STRINGS = NO;
				SWIFT_VERSION = 5.0;
				TEST_TARGET_NAME = "Netflix Skipper";
			};
			name = Debug;
		};
		58DABE852D3A9D7700998A81 /* Release */ = {
			isa = XCBuildConfiguration;
			buildSettings = {
				CODE_SIGN_STYLE = Automatic;
				CURRENT_PROJECT_VERSION = 1;
				DEVELOPMENT_TEAM = B8WX7XBJN2;
				GENERATE_INFOPLIST_FILE = YES;
				MARKETING_VERSION = 1.0;
				PRODUCT_BUNDLE_IDENTIFIER = "achi-shengelia.Netflix-SkipperUITests";
				PRODUCT_NAME = "$(TARGET_NAME)";
				SWIFT_EMIT_LOC_STRINGS = NO;
				SWIFT_VERSION = 5.0;
				TEST_TARGET_NAME = "Netflix Skipper";
			};
			name = Release;
		};
/* End XCBuildConfiguration section */

/* Begin XCConfigurationList section */
		58DABE252D3A9D7500998A81 /* Build configuration list for PBXProject "Netflix Skipper" */ = {
			isa = XCConfigurationList;
			buildConfigurations = (
				58DABE7A2D3A9D7700998A81 /* Debug */,
				58DABE7B2D3A9D7700998A81 /* Release */,
			);
			defaultConfigurationIsVisible = 0;
			defaultConfigurationName = Release;
		};
		58DABE772D3A9D7700998A81 /* Build configuration list for PBXNativeTarget "Netflix Skipper Extension" */ = {
			isa = XCConfigurationList;
			buildConfigurations = (
				58DABE782D3A9D7700998A81 /* Debug */,
				58DABE792D3A9D7700998A81 /* Release */,
			);
			defaultConfigurationIsVisible = 0;
			defaultConfigurationName = Release;
		};
		58DABE7D2D3A9D7700998A81 /* Build configuration list for PBXNativeTarget "Netflix Skipper" */ = {
			isa = XCConfigurationList;
			buildConfigurations = (
				58DABE7E2D3A9D7700998A81 /* Debug */,
				58DABE7F2D3A9D7700998A81 /* Release */,
			);
			defaultConfigurationIsVisible = 0;
			defaultConfigurationName = Release;
		};
		58DABE802D3A9D7700998A81 /* Build configuration list for PBXNativeTarget "Netflix SkipperTests" */ = {
			isa = XCConfigurationList;
			buildConfigurations = (
				58DABE812D3A9D7700998A81 /* Debug */,
				58DABE822D3A9D7700998A81 /* Release */,
			);
			defaultConfigurationIsVisible = 0;
			defaultConfigurationName = Release;
		};
		58DABE832D3A9D7700998A81 /* Build configuration list for PBXNativeTarget "Netflix SkipperUITests" */ = {
			isa = XCConfigurationList;
			buildConfigurations = (
				58DABE842D3A9D7700998A81 /* Debug */,
				58DABE852D3A9D7700998A81 /* Release */,
			);
			defaultConfigurationIsVisible = 0;
			defaultConfigurationName = Release;
		};
/* End XCConfigurationList section */
	};
	rootObject = 58DABE222D3A9D7500998A81 /* Project object */;
}
